// !$*UTF8*$!
{
	archiveVersion = 1;
	classes = {
	};
	objectVersion = 48;
	objects = {

/* Begin PBXBuildFile section */
		9E381548200F0F9200CE6A3E /* GoogleService-Info.plist in Resources */ = {isa = PBXBuildFile; fileRef = 9E381547200F0F9200CE6A3E /* GoogleService-Info.plist */; };
		9EE00CB4200F05D200CE5BD5 /* LoginViewController.swift in Sources */ = {isa = PBXBuildFile; fileRef = 9EE00CB3200F05D200CE5BD5 /* LoginViewController.swift */; };
		9EE00CB6200F094700CE5BD5 /* SignUpViewController.swift in Sources */ = {isa = PBXBuildFile; fileRef = 9EE00CB5200F094700CE5BD5 /* SignUpViewController.swift */; };
		A4B4BBABEF00849F719159DE /* Pods_Diary.framework in Frameworks */ = {isa = PBXBuildFile; fileRef = 524235E8CAB4B3F88E89B14E /* Pods_Diary.framework */; };
		FC18F2CD200DB5570087E3A8 /* AppDelegate.swift in Sources */ = {isa = PBXBuildFile; fileRef = FC18F2CC200DB5570087E3A8 /* AppDelegate.swift */; };
		FC18F2CF200DB5570087E3A8 /* SignViewController.swift in Sources */ = {isa = PBXBuildFile; fileRef = FC18F2CE200DB5570087E3A8 /* SignViewController.swift */; };
		FC18F2D2200DB5570087E3A8 /* Main.storyboard in Resources */ = {isa = PBXBuildFile; fileRef = FC18F2D0200DB5570087E3A8 /* Main.storyboard */; };
		FC18F2D4200DB5570087E3A8 /* Assets.xcassets in Resources */ = {isa = PBXBuildFile; fileRef = FC18F2D3200DB5570087E3A8 /* Assets.xcassets */; };
		FC18F2D7200DB5570087E3A8 /* LaunchScreen.storyboard in Resources */ = {isa = PBXBuildFile; fileRef = FC18F2D5200DB5570087E3A8 /* LaunchScreen.storyboard */; };
		FC18F2E6200E03B90087E3A8 /* APIService.swift in Sources */ = {isa = PBXBuildFile; fileRef = FC18F2E5200E03B90087E3A8 /* APIService.swift */; };
		FC18F2E8200E04110087E3A8 /* NetworkStatus.swift in Sources */ = {isa = PBXBuildFile; fileRef = FC18F2E7200E04110087E3A8 /* NetworkStatus.swift */; };
		FC18F2EA200E04BD0087E3A8 /* SignService.swift in Sources */ = {isa = PBXBuildFile; fileRef = FC18F2E9200E04BD0087E3A8 /* SignService.swift */; };
/* End PBXBuildFile section */

/* Begin PBXFileReference section */
		49AAD48E563A0B0CF7602047 /* Pods-Diary.debug.xcconfig */ = {isa = PBXFileReference; includeInIndex = 1; lastKnownFileType = text.xcconfig; name = "Pods-Diary.debug.xcconfig"; path = "Pods/Target Support Files/Pods-Diary/Pods-Diary.debug.xcconfig"; sourceTree = "<group>"; };
		524235E8CAB4B3F88E89B14E /* Pods_Diary.framework */ = {isa = PBXFileReference; explicitFileType = wrapper.framework; includeInIndex = 0; path = Pods_Diary.framework; sourceTree = BUILT_PRODUCTS_DIR; };
		69DF82A48C115E948CB9E5EB /* Pods-Diary.release.xcconfig */ = {isa = PBXFileReference; includeInIndex = 1; lastKnownFileType = text.xcconfig; name = "Pods-Diary.release.xcconfig"; path = "Pods/Target Support Files/Pods-Diary/Pods-Diary.release.xcconfig"; sourceTree = "<group>"; };
		9E381547200F0F9200CE6A3E /* GoogleService-Info.plist */ = {isa = PBXFileReference; fileEncoding = 4; lastKnownFileType = text.plist.xml; path = "GoogleService-Info.plist"; sourceTree = "<group>"; };
		9EE00CB3200F05D200CE5BD5 /* LoginViewController.swift */ = {isa = PBXFileReference; lastKnownFileType = sourcecode.swift; path = LoginViewController.swift; sourceTree = "<group>"; };
		9EE00CB5200F094700CE5BD5 /* SignUpViewController.swift */ = {isa = PBXFileReference; lastKnownFileType = sourcecode.swift; path = SignUpViewController.swift; sourceTree = "<group>"; };
		FC18F2C9200DB5570087E3A8 /* Diary.app */ = {isa = PBXFileReference; explicitFileType = wrapper.application; includeInIndex = 0; path = Diary.app; sourceTree = BUILT_PRODUCTS_DIR; };
		FC18F2CC200DB5570087E3A8 /* AppDelegate.swift */ = {isa = PBXFileReference; lastKnownFileType = sourcecode.swift; path = AppDelegate.swift; sourceTree = "<group>"; };
		FC18F2CE200DB5570087E3A8 /* SignViewController.swift */ = {isa = PBXFileReference; lastKnownFileType = sourcecode.swift; path = SignViewController.swift; sourceTree = "<group>"; };
		FC18F2D1200DB5570087E3A8 /* Base */ = {isa = PBXFileReference; lastKnownFileType = file.storyboard; name = Base; path = Base.lproj/Main.storyboard; sourceTree = "<group>"; };
		FC18F2D3200DB5570087E3A8 /* Assets.xcassets */ = {isa = PBXFileReference; lastKnownFileType = folder.assetcatalog; path = Assets.xcassets; sourceTree = "<group>"; };
		FC18F2D6200DB5570087E3A8 /* Base */ = {isa = PBXFileReference; lastKnownFileType = file.storyboard; name = Base; path = Base.lproj/LaunchScreen.storyboard; sourceTree = "<group>"; };
		FC18F2D8200DB5570087E3A8 /* Info.plist */ = {isa = PBXFileReference; lastKnownFileType = text.plist.xml; path = Info.plist; sourceTree = "<group>"; };
		FC18F2E5200E03B90087E3A8 /* APIService.swift */ = {isa = PBXFileReference; lastKnownFileType = sourcecode.swift; path = APIService.swift; sourceTree = "<group>"; };
		FC18F2E7200E04110087E3A8 /* NetworkStatus.swift */ = {isa = PBXFileReference; lastKnownFileType = sourcecode.swift; path = NetworkStatus.swift; sourceTree = "<group>"; };
		FC18F2E9200E04BD0087E3A8 /* SignService.swift */ = {isa = PBXFileReference; lastKnownFileType = sourcecode.swift; path = SignService.swift; sourceTree = "<group>"; };
/* End PBXFileReference section */

/* Begin PBXFrameworksBuildPhase section */
		FC18F2C6200DB5570087E3A8 /* Frameworks */ = {
			isa = PBXFrameworksBuildPhase;
			buildActionMask = 2147483647;
			files = (
				A4B4BBABEF00849F719159DE /* Pods_Diary.framework in Frameworks */,
			);
			runOnlyForDeploymentPostprocessing = 0;
		};
/* End PBXFrameworksBuildPhase section */

/* Begin PBXGroup section */
		185024BB27573985B0E090A3 /* Pods */ = {
			isa = PBXGroup;
			children = (
				49AAD48E563A0B0CF7602047 /* Pods-Diary.debug.xcconfig */,
				69DF82A48C115E948CB9E5EB /* Pods-Diary.release.xcconfig */,
			);
			name = Pods;
			sourceTree = "<group>";
		};
		75CE16BFC7DFD88B764F446D /* Frameworks */ = {
			isa = PBXGroup;
			children = (
				524235E8CAB4B3F88E89B14E /* Pods_Diary.framework */,
			);
			name = Frameworks;
			sourceTree = "<group>";
		};
		9EADC815200F703000A4B3EB /* Models */ = {
			isa = PBXGroup;
			children = (
			);
			path = Models;
			sourceTree = "<group>";
		};
		FC18F2C0200DB5570087E3A8 = {
			isa = PBXGroup;
			children = (
				FC18F2CB200DB5570087E3A8 /* Diary */,
				FC18F2CA200DB5570087E3A8 /* Products */,
				185024BB27573985B0E090A3 /* Pods */,
				75CE16BFC7DFD88B764F446D /* Frameworks */,
			);
			sourceTree = "<group>";
		};
		FC18F2CA200DB5570087E3A8 /* Products */ = {
			isa = PBXGroup;
			children = (
				FC18F2C9200DB5570087E3A8 /* Diary.app */,
			);
			name = Products;
			sourceTree = "<group>";
		};
		FC18F2CB200DB5570087E3A8 /* Diary */ = {
			isa = PBXGroup;
			children = (
				FC18F2CC200DB5570087E3A8 /* AppDelegate.swift */,
				FC18F2D8200DB5570087E3A8 /* Info.plist */,
				9E381547200F0F9200CE6A3E /* GoogleService-Info.plist */,
				9EADC815200F703000A4B3EB /* Models */,
				FC18F2E4200E035F0087E3A8 /* Protocol */,
				FC18F2E3200E03530087E3A8 /* Extension */,
				FC18F2E1200E03110087E3A8 /* Network */,
				FC18F2E2200E031B0087E3A8 /* Model */,
				FC18F2E0200E02F70087E3A8 /* Resources */,
				FC18F2DF200E02F10087E3A8 /* Storyboard */,
				FC18F2DE200E02EA0087E3A8 /* Controllers */,
			);
			path = Diary;
			sourceTree = "<group>";
		};
		FC18F2DE200E02EA0087E3A8 /* Controllers */ = {
			isa = PBXGroup;
			children = (
				FC18F2CE200DB5570087E3A8 /* SignViewController.swift */,
				9EE00CB3200F05D200CE5BD5 /* LoginViewController.swift */,
				9EE00CB5200F094700CE5BD5 /* SignUpViewController.swift */,
			);
			path = Controllers;
			sourceTree = "<group>";
		};
		FC18F2DF200E02F10087E3A8 /* Storyboard */ = {
			isa = PBXGroup;
			children = (
				FC18F2D5200DB5570087E3A8 /* LaunchScreen.storyboard */,
				FC18F2D0200DB5570087E3A8 /* Main.storyboard */,
			);
			path = Storyboard;
			sourceTree = "<group>";
		};
		FC18F2E0200E02F70087E3A8 /* Resources */ = {
			isa = PBXGroup;
			children = (
				FC18F2D3200DB5570087E3A8 /* Assets.xcassets */,
			);
			path = Resources;
			sourceTree = "<group>";
		};
		FC18F2E1200E03110087E3A8 /* Network */ = {
			isa = PBXGroup;
			children = (
				FC18F2E5200E03B90087E3A8 /* APIService.swift */,
				FC18F2E7200E04110087E3A8 /* NetworkStatus.swift */,
				FC18F2E9200E04BD0087E3A8 /* SignService.swift */,
			);
			path = Network;
			sourceTree = "<group>";
		};
		FC18F2E2200E031B0087E3A8 /* Model */ = {
			isa = PBXGroup;
			children = (
			);
			path = Model;
			sourceTree = "<group>";
		};
		FC18F2E3200E03530087E3A8 /* Extension */ = {
			isa = PBXGroup;
			children = (
			);
			path = Extension;
			sourceTree = "<group>";
		};
		FC18F2E4200E035F0087E3A8 /* Protocol */ = {
			isa = PBXGroup;
			children = (
			);
			path = Protocol;
			sourceTree = "<group>";
		};
/* End PBXGroup section */

/* Begin PBXNativeTarget section */
		FC18F2C8200DB5570087E3A8 /* Diary */ = {
			isa = PBXNativeTarget;
			buildConfigurationList = FC18F2DB200DB5570087E3A8 /* Build configuration list for PBXNativeTarget "Diary" */;
			buildPhases = (
				0792A7019CF171A05FF49C9A /* [CP] Check Pods Manifest.lock */,
				FC18F2C5200DB5570087E3A8 /* Sources */,
				FC18F2C6200DB5570087E3A8 /* Frameworks */,
				FC18F2C7200DB5570087E3A8 /* Resources */,
				D91370C6C1566CFB676E631E /* [CP] Embed Pods Frameworks */,
				9D94445F8B95B35BC5EBB844 /* [CP] Copy Pods Resources */,
			);
			buildRules = (
			);
			dependencies = (
			);
			name = Diary;
			productName = Diary;
			productReference = FC18F2C9200DB5570087E3A8 /* Diary.app */;
			productType = "com.apple.product-type.application";
		};
/* End PBXNativeTarget section */

/* Begin PBXProject section */
		FC18F2C1200DB5570087E3A8 /* Project object */ = {
			isa = PBXProject;
			attributes = {
				LastSwiftUpdateCheck = 0920;
				LastUpgradeCheck = 0920;
				ORGANIZATIONNAME = "이광용";
				TargetAttributes = {
					FC18F2C8200DB5570087E3A8 = {
						CreatedOnToolsVersion = 9.2;
						ProvisioningStyle = Automatic;
					};
				};
			};
			buildConfigurationList = FC18F2C4200DB5570087E3A8 /* Build configuration list for PBXProject "Diary" */;
			compatibilityVersion = "Xcode 8.0";
			developmentRegion = en;
			hasScannedForEncodings = 0;
			knownRegions = (
				en,
				Base,
			);
			mainGroup = FC18F2C0200DB5570087E3A8;
			productRefGroup = FC18F2CA200DB5570087E3A8 /* Products */;
			projectDirPath = "";
			projectRoot = "";
			targets = (
				FC18F2C8200DB5570087E3A8 /* Diary */,
			);
		};
/* End PBXProject section */

/* Begin PBXResourcesBuildPhase section */
		FC18F2C7200DB5570087E3A8 /* Resources */ = {
			isa = PBXResourcesBuildPhase;
			buildActionMask = 2147483647;
			files = (
				FC18F2D7200DB5570087E3A8 /* LaunchScreen.storyboard in Resources */,
				9E381548200F0F9200CE6A3E /* GoogleService-Info.plist in Resources */,
				FC18F2D4200DB5570087E3A8 /* Assets.xcassets in Resources */,
				FC18F2D2200DB5570087E3A8 /* Main.storyboard in Resources */,
			);
			runOnlyForDeploymentPostprocessing = 0;
		};
/* End PBXResourcesBuildPhase section */

/* Begin PBXShellScriptBuildPhase section */
		0792A7019CF171A05FF49C9A /* [CP] Check Pods Manifest.lock */ = {
			isa = PBXShellScriptBuildPhase;
			buildActionMask = 2147483647;
			files = (
			);
			inputPaths = (
				"${PODS_PODFILE_DIR_PATH}/Podfile.lock",
				"${PODS_ROOT}/Manifest.lock",
			);
			name = "[CP] Check Pods Manifest.lock";
			outputPaths = (
				"$(DERIVED_FILE_DIR)/Pods-Diary-checkManifestLockResult.txt",
			);
			runOnlyForDeploymentPostprocessing = 0;
			shellPath = /bin/sh;
			shellScript = "diff \"${PODS_PODFILE_DIR_PATH}/Podfile.lock\" \"${PODS_ROOT}/Manifest.lock\" > /dev/null\nif [ $? != 0 ] ; then\n    # print error to STDERR\n    echo \"error: The sandbox is not in sync with the Podfile.lock. Run 'pod install' or update your CocoaPods installation.\" >&2\n    exit 1\nfi\n# This output is used by Xcode 'outputs' to avoid re-running this script phase.\necho \"SUCCESS\" > \"${SCRIPT_OUTPUT_FILE_0}\"\n";
			showEnvVarsInLog = 0;
		};
		9D94445F8B95B35BC5EBB844 /* [CP] Copy Pods Resources */ = {
			isa = PBXShellScriptBuildPhase;
			buildActionMask = 2147483647;
			files = (
			);
			inputPaths = (
			);
			name = "[CP] Copy Pods Resources";
			outputPaths = (
			);
			runOnlyForDeploymentPostprocessing = 0;
			shellPath = /bin/sh;
			shellScript = "\"${SRCROOT}/Pods/Target Support Files/Pods-Diary/Pods-Diary-resources.sh\"\n";
			showEnvVarsInLog = 0;
		};
		D91370C6C1566CFB676E631E /* [CP] Embed Pods Frameworks */ = {
			isa = PBXShellScriptBuildPhase;
			buildActionMask = 2147483647;
			files = (
			);
			inputPaths = (
				"${SRCROOT}/Pods/Target Support Files/Pods-Diary/Pods-Diary-frameworks.sh",
				"${BUILT_PRODUCTS_DIR}/Alamofire/Alamofire.framework",
				"${BUILT_PRODUCTS_DIR}/Bolts/Bolts.framework",
				"${BUILT_PRODUCTS_DIR}/FBSDKCoreKit/FBSDKCoreKit.framework",
				"${BUILT_PRODUCTS_DIR}/FBSDKLoginKit/FBSDKLoginKit.framework",
				"${BUILT_PRODUCTS_DIR}/FacebookCore/FacebookCore.framework",
				"${BUILT_PRODUCTS_DIR}/FacebookLogin/FacebookLogin.framework",
				"${BUILT_PRODUCTS_DIR}/GTMSessionFetcher/GTMSessionFetcher.framework",
				"${BUILT_PRODUCTS_DIR}/GoogleToolboxForMac/GoogleToolboxForMac.framework",
				"${BUILT_PRODUCTS_DIR}/Realm/Realm.framework",
				"${BUILT_PRODUCTS_DIR}/RealmSwift/RealmSwift.framework",
				"${BUILT_PRODUCTS_DIR}/SwiftyJSON/SwiftyJSON.framework",
				"${BUILT_PRODUCTS_DIR}/nanopb/nanopb.framework",
			);
			name = "[CP] Embed Pods Frameworks";
			outputPaths = (
				"${TARGET_BUILD_DIR}/${FRAMEWORKS_FOLDER_PATH}/Alamofire.framework",
				"${TARGET_BUILD_DIR}/${FRAMEWORKS_FOLDER_PATH}/Bolts.framework",
				"${TARGET_BUILD_DIR}/${FRAMEWORKS_FOLDER_PATH}/FBSDKCoreKit.framework",
				"${TARGET_BUILD_DIR}/${FRAMEWORKS_FOLDER_PATH}/FBSDKLoginKit.framework",
				"${TARGET_BUILD_DIR}/${FRAMEWORKS_FOLDER_PATH}/FacebookCore.framework",
				"${TARGET_BUILD_DIR}/${FRAMEWORKS_FOLDER_PATH}/FacebookLogin.framework",
				"${TARGET_BUILD_DIR}/${FRAMEWORKS_FOLDER_PATH}/GTMSessionFetcher.framework",
				"${TARGET_BUILD_DIR}/${FRAMEWORKS_FOLDER_PATH}/GoogleToolboxForMac.framework",
				"${TARGET_BUILD_DIR}/${FRAMEWORKS_FOLDER_PATH}/Realm.framework",
				"${TARGET_BUILD_DIR}/${FRAMEWORKS_FOLDER_PATH}/RealmSwift.framework",
				"${TARGET_BUILD_DIR}/${FRAMEWORKS_FOLDER_PATH}/SwiftyJSON.framework",
				"${TARGET_BUILD_DIR}/${FRAMEWORKS_FOLDER_PATH}/nanopb.framework",
			);
			runOnlyForDeploymentPostprocessing = 0;
			shellPath = /bin/sh;
			shellScript = "\"${SRCROOT}/Pods/Target Support Files/Pods-Diary/Pods-Diary-frameworks.sh\"\n";
			showEnvVarsInLog = 0;
		};
/* End PBXShellScriptBuildPhase section */

/* Begin PBXSourcesBuildPhase section */
		FC18F2C5200DB5570087E3A8 /* Sources */ = {
			isa = PBXSourcesBuildPhase;
			buildActionMask = 2147483647;
			files = (
				9EE00CB4200F05D200CE5BD5 /* LoginViewController.swift in Sources */,
				9EE00CB6200F094700CE5BD5 /* SignUpViewController.swift in Sources */,
				FC18F2E8200E04110087E3A8 /* NetworkStatus.swift in Sources */,
				FC18F2CF200DB5570087E3A8 /* SignViewController.swift in Sources */,
				FC18F2EA200E04BD0087E3A8 /* SignService.swift in Sources */,
				FC18F2E6200E03B90087E3A8 /* APIService.swift in Sources */,
				FC18F2CD200DB5570087E3A8 /* AppDelegate.swift in Sources */,
			);
			runOnlyForDeploymentPostprocessing = 0;
		};
/* End PBXSourcesBuildPhase section */

/* Begin PBXVariantGroup section */
		FC18F2D0200DB5570087E3A8 /* Main.storyboard */ = {
			isa = PBXVariantGroup;
			children = (
				FC18F2D1200DB5570087E3A8 /* Base */,
			);
			name = Main.storyboard;
			sourceTree = "<group>";
		};
		FC18F2D5200DB5570087E3A8 /* LaunchScreen.storyboard */ = {
			isa = PBXVariantGroup;
			children = (
				FC18F2D6200DB5570087E3A8 /* Base */,
			);
			name = LaunchScreen.storyboard;
			sourceTree = "<group>";
		};
/* End PBXVariantGroup section */

/* Begin XCBuildConfiguration section */
		FC18F2D9200DB5570087E3A8 /* Debug */ = {
			isa = XCBuildConfiguration;
			buildSettings = {
				ALWAYS_SEARCH_USER_PATHS = NO;
				CLANG_ANALYZER_NONNULL = YES;
				CLANG_ANALYZER_NUMBER_OBJECT_CONVERSION = YES_AGGRESSIVE;
				CLANG_CXX_LANGUAGE_STANDARD = "gnu++14";
				CLANG_CXX_LIBRARY = "libc++";
				CLANG_ENABLE_MODULES = YES;
				CLANG_ENABLE_OBJC_ARC = YES;
				CLANG_WARN_BLOCK_CAPTURE_AUTORELEASING = YES;
				CLANG_WARN_BOOL_CONVERSION = YES;
				CLANG_WARN_COMMA = YES;
				CLANG_WARN_CONSTANT_CONVERSION = YES;
				CLANG_WARN_DIRECT_OBJC_ISA_USAGE = YES_ERROR;
				CLANG_WARN_DOCUMENTATION_COMMENTS = YES;
				CLANG_WARN_EMPTY_BODY = YES;
				CLANG_WARN_ENUM_CONVERSION = YES;
				CLANG_WARN_INFINITE_RECURSION = YES;
				CLANG_WARN_INT_CONVERSION = YES;
				CLANG_WARN_NON_LITERAL_NULL_CONVERSION = YES;
				CLANG_WARN_OBJC_LITERAL_CONVERSION = YES;
				CLANG_WARN_OBJC_ROOT_CLASS = YES_ERROR;
				CLANG_WARN_RANGE_LOOP_ANALYSIS = YES;
				CLANG_WARN_STRICT_PROTOTYPES = YES;
				CLANG_WARN_SUSPICIOUS_MOVE = YES;
				CLANG_WARN_UNGUARDED_AVAILABILITY = YES_AGGRESSIVE;
				CLANG_WARN_UNREACHABLE_CODE = YES;
				CLANG_WARN__DUPLICATE_METHOD_MATCH = YES;
				CODE_SIGN_IDENTITY = "iPhone Developer";
				COPY_PHASE_STRIP = NO;
				DEBUG_INFORMATION_FORMAT = dwarf;
				ENABLE_STRICT_OBJC_MSGSEND = YES;
				ENABLE_TESTABILITY = YES;
				GCC_C_LANGUAGE_STANDARD = gnu11;
				GCC_DYNAMIC_NO_PIC = NO;
				GCC_NO_COMMON_BLOCKS = YES;
				GCC_OPTIMIZATION_LEVEL = 0;
				GCC_PREPROCESSOR_DEFINITIONS = (
					"DEBUG=1",
					"$(inherited)",
				);
				GCC_WARN_64_TO_32_BIT_CONVERSION = YES;
				GCC_WARN_ABOUT_RETURN_TYPE = YES_ERROR;
				GCC_WARN_UNDECLARED_SELECTOR = YES;
				GCC_WARN_UNINITIALIZED_AUTOS = YES_AGGRESSIVE;
				GCC_WARN_UNUSED_FUNCTION = YES;
				GCC_WARN_UNUSED_VARIABLE = YES;
				IPHONEOS_DEPLOYMENT_TARGET = 11.2;
				MTL_ENABLE_DEBUG_INFO = YES;
				ONLY_ACTIVE_ARCH = YES;
				SDKROOT = iphoneos;
				SWIFT_ACTIVE_COMPILATION_CONDITIONS = DEBUG;
				SWIFT_OPTIMIZATION_LEVEL = "-Onone";
			};
			name = Debug;
		};
		FC18F2DA200DB5570087E3A8 /* Release */ = {
			isa = XCBuildConfiguration;
			buildSettings = {
				ALWAYS_SEARCH_USER_PATHS = NO;
				CLANG_ANALYZER_NONNULL = YES;
				CLANG_ANALYZER_NUMBER_OBJECT_CONVERSION = YES_AGGRESSIVE;
				CLANG_CXX_LANGUAGE_STANDARD = "gnu++14";
				CLANG_CXX_LIBRARY = "libc++";
				CLANG_ENABLE_MODULES = YES;
				CLANG_ENABLE_OBJC_ARC = YES;
				CLANG_WARN_BLOCK_CAPTURE_AUTORELEASING = YES;
				CLANG_WARN_BOOL_CONVERSION = YES;
				CLANG_WARN_COMMA = YES;
				CLANG_WARN_CONSTANT_CONVERSION = YES;
				CLANG_WARN_DIRECT_OBJC_ISA_USAGE = YES_ERROR;
				CLANG_WARN_DOCUMENTATION_COMMENTS = YES;
				CLANG_WARN_EMPTY_BODY = YES;
				CLANG_WARN_ENUM_CONVERSION = YES;
				CLANG_WARN_INFINITE_RECURSION = YES;
				CLANG_WARN_INT_CONVERSION = YES;
				CLANG_WARN_NON_LITERAL_NULL_CONVERSION = YES;
				CLANG_WARN_OBJC_LITERAL_CONVERSION = YES;
				CLANG_WARN_OBJC_ROOT_CLASS = YES_ERROR;
				CLANG_WARN_RANGE_LOOP_ANALYSIS = YES;
				CLANG_WARN_STRICT_PROTOTYPES = YES;
				CLANG_WARN_SUSPICIOUS_MOVE = YES;
				CLANG_WARN_UNGUARDED_AVAILABILITY = YES_AGGRESSIVE;
				CLANG_WARN_UNREACHABLE_CODE = YES;
				CLANG_WARN__DUPLICATE_METHOD_MATCH = YES;
				CODE_SIGN_IDENTITY = "iPhone Developer";
				COPY_PHASE_STRIP = NO;
				DEBUG_INFORMATION_FORMAT = "dwarf-with-dsym";
				ENABLE_NS_ASSERTIONS = NO;
				ENABLE_STRICT_OBJC_MSGSEND = YES;
				GCC_C_LANGUAGE_STANDARD = gnu11;
				GCC_NO_COMMON_BLOCKS = YES;
				GCC_WARN_64_TO_32_BIT_CONVERSION = YES;
				GCC_WARN_ABOUT_RETURN_TYPE = YES_ERROR;
				GCC_WARN_UNDECLARED_SELECTOR = YES;
				GCC_WARN_UNINITIALIZED_AUTOS = YES_AGGRESSIVE;
				GCC_WARN_UNUSED_FUNCTION = YES;
				GCC_WARN_UNUSED_VARIABLE = YES;
				IPHONEOS_DEPLOYMENT_TARGET = 11.2;
				MTL_ENABLE_DEBUG_INFO = NO;
				SDKROOT = iphoneos;
				SWIFT_OPTIMIZATION_LEVEL = "-Owholemodule";
				VALIDATE_PRODUCT = YES;
			};
			name = Release;
		};
		FC18F2DC200DB5570087E3A8 /* Debug */ = {
			isa = XCBuildConfiguration;
			baseConfigurationReference = 49AAD48E563A0B0CF7602047 /* Pods-Diary.debug.xcconfig */;
			buildSettings = {
				ASSETCATALOG_COMPILER_APPICON_NAME = AppIcon;
				CODE_SIGN_STYLE = Automatic;
				DEVELOPMENT_TEAM = N598FBZXVH;
				INFOPLIST_FILE = Diary/Info.plist;
				IPHONEOS_DEPLOYMENT_TARGET = 9.0;
				LD_RUNPATH_SEARCH_PATHS = "$(inherited) @executable_path/Frameworks";
				PRODUCT_BUNDLE_IDENTIFIER = com.clapwatermelon.Diary;
				PRODUCT_NAME = "$(TARGET_NAME)";
				SWIFT_VERSION = 4.0;
				TARGETED_DEVICE_FAMILY = "1,2";
			};
			name = Debug;
		};
		FC18F2DD200DB5570087E3A8 /* Release */ = {
			isa = XCBuildConfiguration;
			baseConfigurationReference = 69DF82A48C115E948CB9E5EB /* Pods-Diary.release.xcconfig */;
			buildSettings = {
				ASSETCATALOG_COMPILER_APPICON_NAME = AppIcon;
				CODE_SIGN_STYLE = Automatic;
				DEVELOPMENT_TEAM = N598FBZXVH;
				INFOPLIST_FILE = Diary/Info.plist;
				IPHONEOS_DEPLOYMENT_TARGET = 9.0;
				LD_RUNPATH_SEARCH_PATHS = "$(inherited) @executable_path/Frameworks";
				PRODUCT_BUNDLE_IDENTIFIER = com.clapwatermelon.Diary;
				PRODUCT_NAME = "$(TARGET_NAME)";
				SWIFT_VERSION = 4.0;
				TARGETED_DEVICE_FAMILY = "1,2";
			};
			name = Release;
		};
/* End XCBuildConfiguration section */

/* Begin XCConfigurationList section */
		FC18F2C4200DB5570087E3A8 /* Build configuration list for PBXProject "Diary" */ = {
			isa = XCConfigurationList;
			buildConfigurations = (
				FC18F2D9200DB5570087E3A8 /* Debug */,
				FC18F2DA200DB5570087E3A8 /* Release */,
			);
			defaultConfigurationIsVisible = 0;
			defaultConfigurationName = Release;
		};
		FC18F2DB200DB5570087E3A8 /* Build configuration list for PBXNativeTarget "Diary" */ = {
			isa = XCConfigurationList;
			buildConfigurations = (
				FC18F2DC200DB5570087E3A8 /* Debug */,
				FC18F2DD200DB5570087E3A8 /* Release */,
			);
			defaultConfigurationIsVisible = 0;
			defaultConfigurationName = Release;
		};
/* End XCConfigurationList section */
	};
	rootObject = FC18F2C1200DB5570087E3A8 /* Project object */;
}
